
Microsoft Visual Studio Solution File, Format Version 12.00
# Visual Studio 15
VisualStudioVersion = 15.0.26730.16
MinimumVisualStudioVersion = 10.0.40219.1
Project("{FAE04EC0-301F-11D3-BF4B-00C04F79EFBC}") = "DBListener", "DBListener\DBListener.csproj", "{58AC7394-C6B1-466C-AB38-DF9D5F993C61}"
EndProject
Global
	GlobalSection(SolutionConfigurationPlatforms) = preSolution
		Debug|Any CPU = Debug|Any CPU
		Release|Any CPU = Release|Any CPU
	EndGlobalSection
	GlobalSection(ProjectConfigurationPlatforms) = postSolution
		{58AC7394-C6B1-466C-AB38-DF9D5F993C61}.Debug|Any CPU.ActiveCfg = Debug|Any CPU
		{58AC7394-C6B1-466C-AB38-DF9D5F993C61}.Debug|Any CPU.Build.0 = Debug|Any CPU
		{58AC7394-C6B1-466C-AB38-DF9D5F993C61}.Release|Any CPU.ActiveCfg = Release|Any CPU
		{58AC7394-C6B1-466C-AB38-DF9D5F993C61}.Release|Any CPU.Build.0 = Release|Any CPU
	EndGlobalSection
	GlobalSection(SolutionProperties) = preSolution
		HideSolutionNode = FALSE
	EndGlobalSection
	GlobalSection(ExtensibilityGlobals) = postSolution
		SolutionGuid = {543FF9F4-5CE1-48B3-8E6A-3FABE5E41C27}
	EndGlobalSection
EndGlobal
